{
  "object": {
    "pins": [
      {
        "package": "Networking",
        "repositoryURL": "https://github.com/Lickability/Networking",
        "state": {
          "branch": null,
          "revision": "89772986b8c38ed33dfcf2e7e89e649280c35049",
          "version": "3.0.0"
        }
      },
      {
        "package": "Persister",
        "repositoryURL": "https://github.com/Lickability/Persister",
        "state": {
          "branch": null,
          "revision": "f51e2226f0c8b0c9c37ded2739a42181accf2953",
          "version": "2.0.0"
        }
      }
    ]
  },
  "version": 1
}
