{
  "pins" : [
    {
      "identity" : "networking",
      "kind" : "remoteSourceControl",
      "location" : "https://github.com/Lickability/Networking",
      "state" : {
        "revision" : "2ca427c34191edc4c86e52c6256056bc580b1fc6",
        "version" : "3.0.2"
      }
    },
    {
      "identity" : "persister",
      "kind" : "remoteSourceControl",
      "location" : "https://github.com/Lickability/Persister",
      "state" : {
        "revision" : "f51e2226f0c8b0c9c37ded2739a42181accf2953",
        "version" : "2.0.0"
      }
    }
  ],
  "version" : 2
}
