{
  "pins" : [
    {
      "identity" : "networking",
      "kind" : "remoteSourceControl",
      "location" : "https://github.com/Lickability/Networking",
      "state" : {
        "branch" : "feature/error-information",
        "revision" : "999b9578c76404e18872f2f6e5e1f18a224b279e"
      }
    },
    {
      "identity" : "persister",
      "kind" : "remoteSourceControl",
      "location" : "https://github.com/Lickability/Persister",
      "state" : {
        "revision" : "f51e2226f0c8b0c9c37ded2739a42181accf2953",
        "version" : "2.0.0"
      }
    }
  ],
  "version" : 2
}
