{
  "originHash" : "e89086004bb1eb0eadde723b71e9d5a8a0b8b07ce2d76f38307d64c2244fd5ba",
  "pins" : [
    {
      "identity" : "networking",
      "kind" : "remoteSourceControl",
      "location" : "https://github.com/Lickability/Networking",
      "state" : {
        "revision" : "2ca427c34191edc4c86e52c6256056bc580b1fc6",
        "version" : "3.0.2"
      }
    },
    {
      "identity" : "ohhttpstubs",
      "kind" : "remoteSourceControl",
      "location" : "https://github.com/AliSoftware/OHHTTPStubs.git",
      "state" : {
        "revision" : "12f19662426d0434d6c330c6974d53e2eb10ecd9",
        "version" : "9.1.0"
      }
    },
    {
      "identity" : "persister",
      "kind" : "remoteSourceControl",
      "location" : "https://github.com/Lickability/Persister",
      "state" : {
        "revision" : "f51e2226f0c8b0c9c37ded2739a42181accf2953",
        "version" : "2.0.0"
      }
    }
  ],
  "version" : 3
}
